
Microsoft Visual Studio Solution File, Format Version 12.00
# Visual Studio Version 17
VisualStudioVersion = 17.10.35027.167
MinimumVisualStudioVersion = 10.0.40219.1
Project("{2150E333-8FDC-42A3-9474-1A3956D46DE8}") = "src", "src", "{E48B027C-7529-411D-A058-AFECF11093CB}"
EndProject
Project("{2150E333-8FDC-42A3-9474-1A3956D46DE8}") = "Api", "Api", "{9EEECC34-79BF-4E42-A129-C4564395D71F}"
EndProject
Project("{9A19103F-16F7-4668-BE54-9A1E7A4F7556}") = "WebApi", "WebApi\WebApi.csproj", "{ADDE30A0-90D7-44DF-8A9C-ABAB3D11BE71}"
EndProject
Project("{2150E333-8FDC-42A3-9474-1A3956D46DE8}") = "Modules", "Modules", "{08E0EF4F-7A54-4492-97F9-20ECBB1DA8C8}"
EndProject
Project("{2150E333-8FDC-42A3-9474-1A3956D46DE8}") = "BookStore", "BookStore", "{AC21C5F6-6448-4C2C-8A0E-D2561FCF91EA}"
EndProject
Project("{2150E333-8FDC-42A3-9474-1A3956D46DE8}") = "Services", "Services", "{394CF932-15D9-49F7-9CA3-B5D1850D4C0A}"
EndProject
Project("{9A19103F-16F7-4668-BE54-9A1E7A4F7556}") = "Sms.Services", "Sms.Services\Sms.Services.csproj", "{EC626A93-2BCA-448A-9E5C-9B5BD26AAC31}"
EndProject
Project("{9A19103F-16F7-4668-BE54-9A1E7A4F7556}") = "BookStore.Application", "BookStore.Application\BookStore.Application.csproj", "{83237D44-637C-499B-8157-AA1CF97B0545}"
EndProject
Project("{9A19103F-16F7-4668-BE54-9A1E7A4F7556}") = "BookStore.Contracts", "BookStore.Contracts\BookStore.Contracts.csproj", "{84CB40D5-CC05-4966-B865-F10FA397EFA8}"
EndProject
Project("{9A19103F-16F7-4668-BE54-9A1E7A4F7556}") = "BookStore.Domain", "BookStore.Domain\BookStore.Domain.csproj", "{F7CE037C-33D5-495A-85A7-103EF253B148}"
EndProject
Project("{9A19103F-16F7-4668-BE54-9A1E7A4F7556}") = "BookStore.Persistence", "BookStore.Persistence\BookStore.Persistence.csproj", "{6DCD7D75-C62C-4C52-9E0E-1FDBD7856895}"
EndProject
Project("{2150E333-8FDC-42A3-9474-1A3956D46DE8}") = "Shared", "Shared", "{5EDA1FEC-1DDC-4593-A29B-AAE1A793C76D}"
EndProject
Project("{9A19103F-16F7-4668-BE54-9A1E7A4F7556}") = "Shared.Core", "Shared.Core\Shared.Core.csproj", "{60764E53-6E5B-458D-9386-4D5597031397}"
EndProject
Project("{9A19103F-16F7-4668-BE54-9A1E7A4F7556}") = "Shared.Persistence", "Shared.Persistence\Shared.Persistence.csproj", "{51EA0147-979D-46D6-9986-B485FE5281CF}"
EndProject
Project("{9A19103F-16F7-4668-BE54-9A1E7A4F7556}") = "Shared.Domain", "Shared.Domain\Shared.Domain.csproj", "{314B092E-7AF2-47BE-BCD9-12FDE08ECA60}"
EndProject
Global
	GlobalSection(SolutionConfigurationPlatforms) = preSolution
		Debug|Any CPU = Debug|Any CPU
		Release|Any CPU = Release|Any CPU
	EndGlobalSection
	GlobalSection(ProjectConfigurationPlatforms) = postSolution
		{ADDE30A0-90D7-44DF-8A9C-ABAB3D11BE71}.Debug|Any CPU.ActiveCfg = Debug|Any CPU
		{ADDE30A0-90D7-44DF-8A9C-ABAB3D11BE71}.Debug|Any CPU.Build.0 = Debug|Any CPU
		{ADDE30A0-90D7-44DF-8A9C-ABAB3D11BE71}.Release|Any CPU.ActiveCfg = Release|Any CPU
		{ADDE30A0-90D7-44DF-8A9C-ABAB3D11BE71}.Release|Any CPU.Build.0 = Release|Any CPU
		{EC626A93-2BCA-448A-9E5C-9B5BD26AAC31}.Debug|Any CPU.ActiveCfg = Debug|Any CPU
		{EC626A93-2BCA-448A-9E5C-9B5BD26AAC31}.Debug|Any CPU.Build.0 = Debug|Any CPU
		{EC626A93-2BCA-448A-9E5C-9B5BD26AAC31}.Release|Any CPU.ActiveCfg = Release|Any CPU
		{EC626A93-2BCA-448A-9E5C-9B5BD26AAC31}.Release|Any CPU.Build.0 = Release|Any CPU
		{83237D44-637C-499B-8157-AA1CF97B0545}.Debug|Any CPU.ActiveCfg = Debug|Any CPU
		{83237D44-637C-499B-8157-AA1CF97B0545}.Debug|Any CPU.Build.0 = Debug|Any CPU
		{83237D44-637C-499B-8157-AA1CF97B0545}.Release|Any CPU.ActiveCfg = Release|Any CPU
		{83237D44-637C-499B-8157-AA1CF97B0545}.Release|Any CPU.Build.0 = Release|Any CPU
		{84CB40D5-CC05-4966-B865-F10FA397EFA8}.Debug|Any CPU.ActiveCfg = Debug|Any CPU
		{84CB40D5-CC05-4966-B865-F10FA397EFA8}.Debug|Any CPU.Build.0 = Debug|Any CPU
		{84CB40D5-CC05-4966-B865-F10FA397EFA8}.Release|Any CPU.ActiveCfg = Release|Any CPU
		{84CB40D5-CC05-4966-B865-F10FA397EFA8}.Release|Any CPU.Build.0 = Release|Any CPU
		{F7CE037C-33D5-495A-85A7-103EF253B148}.Debug|Any CPU.ActiveCfg = Debug|Any CPU
		{F7CE037C-33D5-495A-85A7-103EF253B148}.Debug|Any CPU.Build.0 = Debug|Any CPU
		{F7CE037C-33D5-495A-85A7-103EF253B148}.Release|Any CPU.ActiveCfg = Release|Any CPU
		{F7CE037C-33D5-495A-85A7-103EF253B148}.Release|Any CPU.Build.0 = Release|Any CPU
		{6DCD7D75-C62C-4C52-9E0E-1FDBD7856895}.Debug|Any CPU.ActiveCfg = Debug|Any CPU
		{6DCD7D75-C62C-4C52-9E0E-1FDBD7856895}.Debug|Any CPU.Build.0 = Debug|Any CPU
		{6DCD7D75-C62C-4C52-9E0E-1FDBD7856895}.Release|Any CPU.ActiveCfg = Release|Any CPU
		{6DCD7D75-C62C-4C52-9E0E-1FDBD7856895}.Release|Any CPU.Build.0 = Release|Any CPU
		{60764E53-6E5B-458D-9386-4D5597031397}.Debug|Any CPU.ActiveCfg = Debug|Any CPU
		{60764E53-6E5B-458D-9386-4D5597031397}.Debug|Any CPU.Build.0 = Debug|Any CPU
		{60764E53-6E5B-458D-9386-4D5597031397}.Release|Any CPU.ActiveCfg = Release|Any CPU
		{60764E53-6E5B-458D-9386-4D5597031397}.Release|Any CPU.Build.0 = Release|Any CPU
		{51EA0147-979D-46D6-9986-B485FE5281CF}.Debug|Any CPU.ActiveCfg = Debug|Any CPU
		{51EA0147-979D-46D6-9986-B485FE5281CF}.Debug|Any CPU.Build.0 = Debug|Any CPU
		{51EA0147-979D-46D6-9986-B485FE5281CF}.Release|Any CPU.ActiveCfg = Release|Any CPU
		{51EA0147-979D-46D6-9986-B485FE5281CF}.Release|Any CPU.Build.0 = Release|Any CPU
		{314B092E-7AF2-47BE-BCD9-12FDE08ECA60}.Debug|Any CPU.ActiveCfg = Debug|Any CPU
		{314B092E-7AF2-47BE-BCD9-12FDE08ECA60}.Debug|Any CPU.Build.0 = Debug|Any CPU
		{314B092E-7AF2-47BE-BCD9-12FDE08ECA60}.Release|Any CPU.ActiveCfg = Release|Any CPU
		{314B092E-7AF2-47BE-BCD9-12FDE08ECA60}.Release|Any CPU.Build.0 = Release|Any CPU
	EndGlobalSection
	GlobalSection(SolutionProperties) = preSolution
		HideSolutionNode = FALSE
	EndGlobalSection
	GlobalSection(NestedProjects) = preSolution
		{9EEECC34-79BF-4E42-A129-C4564395D71F} = {E48B027C-7529-411D-A058-AFECF11093CB}
		{ADDE30A0-90D7-44DF-8A9C-ABAB3D11BE71} = {9EEECC34-79BF-4E42-A129-C4564395D71F}
		{08E0EF4F-7A54-4492-97F9-20ECBB1DA8C8} = {E48B027C-7529-411D-A058-AFECF11093CB}
		{AC21C5F6-6448-4C2C-8A0E-D2561FCF91EA} = {08E0EF4F-7A54-4492-97F9-20ECBB1DA8C8}
		{394CF932-15D9-49F7-9CA3-B5D1850D4C0A} = {E48B027C-7529-411D-A058-AFECF11093CB}
		{EC626A93-2BCA-448A-9E5C-9B5BD26AAC31} = {394CF932-15D9-49F7-9CA3-B5D1850D4C0A}
		{83237D44-637C-499B-8157-AA1CF97B0545} = {AC21C5F6-6448-4C2C-8A0E-D2561FCF91EA}
		{84CB40D5-CC05-4966-B865-F10FA397EFA8} = {AC21C5F6-6448-4C2C-8A0E-D2561FCF91EA}
		{F7CE037C-33D5-495A-85A7-103EF253B148} = {AC21C5F6-6448-4C2C-8A0E-D2561FCF91EA}
		{6DCD7D75-C62C-4C52-9E0E-1FDBD7856895} = {AC21C5F6-6448-4C2C-8A0E-D2561FCF91EA}
		{5EDA1FEC-1DDC-4593-A29B-AAE1A793C76D} = {E48B027C-7529-411D-A058-AFECF11093CB}
		{60764E53-6E5B-458D-9386-4D5597031397} = {5EDA1FEC-1DDC-4593-A29B-AAE1A793C76D}
		{51EA0147-979D-46D6-9986-B485FE5281CF} = {5EDA1FEC-1DDC-4593-A29B-AAE1A793C76D}
		{314B092E-7AF2-47BE-BCD9-12FDE08ECA60} = {5EDA1FEC-1DDC-4593-A29B-AAE1A793C76D}
	EndGlobalSection
	GlobalSection(ExtensibilityGlobals) = postSolution
		SolutionGuid = {51CC56FC-ABBC-4F91-8530-B9768A504C8D}
	EndGlobalSection
EndGlobal
